// !$*UTF8*$!
{
	archiveVersion = 1;
	classes = {
	};
	objectVersion = 56;
	objects = {

/* Begin PBXBuildFile section */
		4306300529E9447E009D678D /* RouteModel.swift in Sources */ = {isa = PBXBuildFile; fileRef = 4306300429E9447E009D678D /* RouteModel.swift */; };
		4344636629EF21B200C348CE /* Polyline in Frameworks */ = {isa = PBXBuildFile; productRef = 4344636529EF21B200C348CE /* Polyline */; };
		4344636829EF260900C348CE /* MapView.swift in Sources */ = {isa = PBXBuildFile; fileRef = 4344636729EF260900C348CE /* MapView.swift */; };
		4344636A29EF267300C348CE /* MapViewCoordinator.swift in Sources */ = {isa = PBXBuildFile; fileRef = 4344636929EF267200C348CE /* MapViewCoordinator.swift */; };
		43507A9429ED584000BDDA28 /* UIApplication.swift in Sources */ = {isa = PBXBuildFile; fileRef = 43507A9329ED584000BDDA28 /* UIApplication.swift */; };
		43507A9629ED589100BDDA28 /* BusModel.swift in Sources */ = {isa = PBXBuildFile; fileRef = 43507A9529ED589100BDDA28 /* BusModel.swift */; };
		436A0ACA29DF16A50008F5A8 /* DriverView.swift in Sources */ = {isa = PBXBuildFile; fileRef = 436A0AC929DF16A50008F5A8 /* DriverView.swift */; };
		436A0ACE29DF50710008F5A8 /* DriverViewModel.swift in Sources */ = {isa = PBXBuildFile; fileRef = 436A0ACD29DF50710008F5A8 /* DriverViewModel.swift */; };
		43E77AF329F5CBA200255C57 /* PassengerViewModel.swift in Sources */ = {isa = PBXBuildFile; fileRef = 43E77AF229F5CBA200255C57 /* PassengerViewModel.swift */; };
		43E77AF529F5DF0300255C57 /* MapViewPassenger.swift in Sources */ = {isa = PBXBuildFile; fileRef = 43E77AF429F5DF0300255C57 /* MapViewPassenger.swift */; };
		43E77AF729F5DFD200255C57 /* MapViewPassengerCoordinator.swift in Sources */ = {isa = PBXBuildFile; fileRef = 43E77AF629F5DFD200255C57 /* MapViewPassengerCoordinator.swift */; };
		6A6CED1F29F715C200C7C36B /* Assets.xcassets in Resources */ = {isa = PBXBuildFile; fileRef = 6A6CED1E29F715C200C7C36B /* Assets.xcassets */; };
		6A7F884529D5F26600DC60BF /* SettingsView.swift in Sources */ = {isa = PBXBuildFile; fileRef = 6A7F884429D5F26600DC60BF /* SettingsView.swift */; };
		6A7F884729D5FD7700DC60BF /* AboutUsView.swift in Sources */ = {isa = PBXBuildFile; fileRef = 6A7F884629D5FD7700DC60BF /* AboutUsView.swift */; };
		6A7F884A29D6250D00DC60BF /* HomeView.swift in Sources */ = {isa = PBXBuildFile; fileRef = 6A7F884929D6250D00DC60BF /* HomeView.swift */; };
		6A7F884C29D6253F00DC60BF /* SpeechRecognizerView.swift in Sources */ = {isa = PBXBuildFile; fileRef = 6A7F884B29D6253F00DC60BF /* SpeechRecognizerView.swift */; };
		6A9A926229E9DAF700DA6563 /* SpeechRecognizer.swift in Sources */ = {isa = PBXBuildFile; fileRef = 6A9A926129E9DAF700DA6563 /* SpeechRecognizer.swift */; };
		6AB5D7A629D18E9200AE8072 /* HSL_V2App.swift in Sources */ = {isa = PBXBuildFile; fileRef = 6AB5D7A529D18E9200AE8072 /* HSL_V2App.swift */; };
		6AB5D7A829D18E9200AE8072 /* MainView.swift in Sources */ = {isa = PBXBuildFile; fileRef = 6AB5D7A729D18E9200AE8072 /* MainView.swift */; };
		6AB5D7AD29D18E9400AE8072 /* Preview Assets.xcassets in Resources */ = {isa = PBXBuildFile; fileRef = 6AB5D7AC29D18E9400AE8072 /* Preview Assets.xcassets */; };
		6ABEBC2029ED5DAE00DA170B /* PassengerView.swift in Sources */ = {isa = PBXBuildFile; fileRef = 6ABEBC1F29ED5DAE00DA170B /* PassengerView.swift */; };
		6ABEBC2229ED5DE900DA170B /* SearchPassengerView.swift in Sources */ = {isa = PBXBuildFile; fileRef = 6ABEBC2129ED5DE900DA170B /* SearchPassengerView.swift */; };
		6AE2655D29F7107A00C5C019 /* Colors.swift in Sources */ = {isa = PBXBuildFile; fileRef = 6AE2655C29F7107A00C5C019 /* Colors.swift */; };
/* End PBXBuildFile section */

/* Begin PBXFileReference section */
		4306300429E9447E009D678D /* RouteModel.swift */ = {isa = PBXFileReference; lastKnownFileType = sourcecode.swift; path = RouteModel.swift; sourceTree = "<group>"; };
		4344636729EF260900C348CE /* MapView.swift */ = {isa = PBXFileReference; lastKnownFileType = sourcecode.swift; path = MapView.swift; sourceTree = "<group>"; };
		4344636929EF267200C348CE /* MapViewCoordinator.swift */ = {isa = PBXFileReference; lastKnownFileType = sourcecode.swift; path = MapViewCoordinator.swift; sourceTree = "<group>"; };
		43507A9329ED584000BDDA28 /* UIApplication.swift */ = {isa = PBXFileReference; lastKnownFileType = sourcecode.swift; path = UIApplication.swift; sourceTree = "<group>"; };
		43507A9529ED589100BDDA28 /* BusModel.swift */ = {isa = PBXFileReference; lastKnownFileType = sourcecode.swift; path = BusModel.swift; sourceTree = "<group>"; };
		436A0AC929DF16A50008F5A8 /* DriverView.swift */ = {isa = PBXFileReference; lastKnownFileType = sourcecode.swift; path = DriverView.swift; sourceTree = "<group>"; };
		436A0ACD29DF50710008F5A8 /* DriverViewModel.swift */ = {isa = PBXFileReference; lastKnownFileType = sourcecode.swift; path = DriverViewModel.swift; sourceTree = "<group>"; };
		43E77AF229F5CBA200255C57 /* PassengerViewModel.swift */ = {isa = PBXFileReference; lastKnownFileType = sourcecode.swift; path = PassengerViewModel.swift; sourceTree = "<group>"; };
		43E77AF429F5DF0300255C57 /* MapViewPassenger.swift */ = {isa = PBXFileReference; lastKnownFileType = sourcecode.swift; path = MapViewPassenger.swift; sourceTree = "<group>"; };
		43E77AF629F5DFD200255C57 /* MapViewPassengerCoordinator.swift */ = {isa = PBXFileReference; lastKnownFileType = sourcecode.swift; path = MapViewPassengerCoordinator.swift; sourceTree = "<group>"; };
		6A6CED1E29F715C200C7C36B /* Assets.xcassets */ = {isa = PBXFileReference; lastKnownFileType = folder.assetcatalog; name = Assets.xcassets; path = Views/Assets.xcassets; sourceTree = "<group>"; };
		6A1F808929EE840B00A6CB22 /* LocationManager.swift */ = {isa = PBXFileReference; lastKnownFileType = sourcecode.swift; path = LocationManager.swift; sourceTree = "<group>"; };
		6A1F809D29EEA72900A6CB22 /* MapViewActionButton.swift */ = {isa = PBXFileReference; lastKnownFileType = sourcecode.swift; path = MapViewActionButton.swift; sourceTree = "<group>"; };
		6A58198429F595DC00801C64 /* MapViewCoordinatorPassenger.swift */ = {isa = PBXFileReference; lastKnownFileType = sourcecode.swift; path = MapViewCoordinatorPassenger.swift; sourceTree = "<group>"; };
		6A58198629F5B21C00801C64 /* BusSearchResultCell.swift */ = {isa = PBXFileReference; lastKnownFileType = sourcecode.swift; path = BusSearchResultCell.swift; sourceTree = "<group>"; };
		6A6E1A1129EDC6D900FA10F4 /* PassengerMapRepresentable.swift */ = {isa = PBXFileReference; lastKnownFileType = sourcecode.swift; path = PassengerMapRepresentable.swift; sourceTree = "<group>"; };
		6A7F884429D5F26600DC60BF /* SettingsView.swift */ = {isa = PBXFileReference; lastKnownFileType = sourcecode.swift; path = SettingsView.swift; sourceTree = "<group>"; };
		6A7F884629D5FD7700DC60BF /* AboutUsView.swift */ = {isa = PBXFileReference; lastKnownFileType = sourcecode.swift; path = AboutUsView.swift; sourceTree = "<group>"; };
		6A7F884929D6250D00DC60BF /* HomeView.swift */ = {isa = PBXFileReference; lastKnownFileType = sourcecode.swift; path = HomeView.swift; sourceTree = "<group>"; };
		6A7F884B29D6253F00DC60BF /* SpeechRecognizerView.swift */ = {isa = PBXFileReference; lastKnownFileType = sourcecode.swift; path = SpeechRecognizerView.swift; sourceTree = "<group>"; };
		6A9A926129E9DAF700DA6563 /* SpeechRecognizer.swift */ = {isa = PBXFileReference; lastKnownFileType = sourcecode.swift; path = SpeechRecognizer.swift; sourceTree = "<group>"; };
		6AB5D7A229D18E9200AE8072 /* HSL.V2.app */ = {isa = PBXFileReference; explicitFileType = wrapper.application; includeInIndex = 0; path = HSL.V2.app; sourceTree = BUILT_PRODUCTS_DIR; };
		6AB5D7A529D18E9200AE8072 /* HSL_V2App.swift */ = {isa = PBXFileReference; lastKnownFileType = sourcecode.swift; path = HSL_V2App.swift; sourceTree = "<group>"; };
		6AB5D7A729D18E9200AE8072 /* MainView.swift */ = {isa = PBXFileReference; lastKnownFileType = sourcecode.swift; path = MainView.swift; sourceTree = "<group>"; };
		6AB5D7AC29D18E9400AE8072 /* Preview Assets.xcassets */ = {isa = PBXFileReference; lastKnownFileType = folder.assetcatalog; path = "Preview Assets.xcassets"; sourceTree = "<group>"; };
		6ABEBC1F29ED5DAE00DA170B /* PassengerView.swift */ = {isa = PBXFileReference; lastKnownFileType = sourcecode.swift; path = PassengerView.swift; sourceTree = "<group>"; };
		6ABEBC2129ED5DE900DA170B /* SearchPassengerView.swift */ = {isa = PBXFileReference; lastKnownFileType = sourcecode.swift; path = SearchPassengerView.swift; sourceTree = "<group>"; };
		6AE2655C29F7107A00C5C019 /* Colors.swift */ = {isa = PBXFileReference; lastKnownFileType = sourcecode.swift; path = Colors.swift; sourceTree = "<group>"; };
/* End PBXFileReference section */

/* Begin PBXFrameworksBuildPhase section */
		6AB5D79F29D18E9200AE8072 /* Frameworks */ = {
			isa = PBXFrameworksBuildPhase;
			buildActionMask = 2147483647;
			files = (
				4344636629EF21B200C348CE /* Polyline in Frameworks */,
			);
			runOnlyForDeploymentPostprocessing = 0;
		};
/* End PBXFrameworksBuildPhase section */

/* Begin PBXGroup section */
		4306300329E9445A009D678D /* Models */ = {
			isa = PBXGroup;
			children = (
				4306300429E9447E009D678D /* RouteModel.swift */,
				43507A9529ED589100BDDA28 /* BusModel.swift */,
				6A9A926129E9DAF700DA6563 /* SpeechRecognizer.swift */,
			);
			path = Models;
			sourceTree = "<group>";
		};
		43507A9229ED582C00BDDA28 /* Extensions */ = {
			isa = PBXGroup;
			children = (
				43507A9329ED584000BDDA28 /* UIApplication.swift */,
				6AE2655C29F7107A00C5C019 /* Colors.swift */,
			);
			path = Extensions;
			sourceTree = "<group>";
		};
		436A0ACC29DF50640008F5A8 /* ViewModels */ = {
			isa = PBXGroup;
			children = (
				436A0ACD29DF50710008F5A8 /* DriverViewModel.swift */,
				4344636929EF267200C348CE /* MapViewCoordinator.swift */,
				43E77AF229F5CBA200255C57 /* PassengerViewModel.swift */,
				43E77AF629F5DFD200255C57 /* MapViewPassengerCoordinator.swift */,
			);
			path = ViewModels;
			sourceTree = "<group>";
		};
		6A1F808829EE839A00A6CB22 /* Managers */ = {
			isa = PBXGroup;
			children = (
				6A1F808929EE840B00A6CB22 /* LocationManager.swift */,
			);
			path = Managers;
			sourceTree = "<group>";
		};
		6A7F884829D61FD900DC60BF /* Views */ = {
			isa = PBXGroup;
			children = (
				6A7F884429D5F26600DC60BF /* SettingsView.swift */,
				6A7F884629D5FD7700DC60BF /* AboutUsView.swift */,
				6A7F884929D6250D00DC60BF /* HomeView.swift */,
				436A0AC929DF16A50008F5A8 /* DriverView.swift */,
				6ABEBC1F29ED5DAE00DA170B /* PassengerView.swift */,
				6A6E1A1129EDC6D900FA10F4 /* PassengerMapRepresentable.swift */,
				6A1F809D29EEA72900A6CB22 /* MapViewActionButton.swift */,
				6ABEBC2129ED5DE900DA170B /* SearchPassengerView.swift */,
				6A7F884B29D6253F00DC60BF /* SpeechRecognizerView.swift */,
				4344636729EF260900C348CE /* MapView.swift */,
				43E77AF429F5DF0300255C57 /* MapViewPassenger.swift */,
				6A58198629F5B21C00801C64 /* BusSearchResultCell.swift */,
			);
			path = Views;
			sourceTree = "<group>";
		};
		6AB5D79929D18E9200AE8072 = {
			isa = PBXGroup;
			children = (
				6AB5D7A429D18E9200AE8072 /* HSL.V2 */,
				6AB5D7A329D18E9200AE8072 /* Products */,
			);
			sourceTree = "<group>";
		};
		6AB5D7A329D18E9200AE8072 /* Products */ = {
			isa = PBXGroup;
			children = (
				6AB5D7A229D18E9200AE8072 /* HSL.V2.app */,
			);
			name = Products;
			sourceTree = "<group>";
		};
		6AB5D7A429D18E9200AE8072 /* HSL.V2 */ = {
			isa = PBXGroup;
			children = (
				6A1F808829EE839A00A6CB22 /* Managers */,
				43507A9229ED582C00BDDA28 /* Extensions */,
				4306300329E9445A009D678D /* Models */,
				436A0ACC29DF50640008F5A8 /* ViewModels */,
				6AB5D7A529D18E9200AE8072 /* HSL_V2App.swift */,
				6AB5D7A729D18E9200AE8072 /* MainView.swift */,
				6A7F884829D61FD900DC60BF /* Views */,
				6A6CED1E29F715C200C7C36B /* Assets.xcassets */,
				6AB5D7AB29D18E9400AE8072 /* Preview Content */,
			);
			path = HSL.V2;
			sourceTree = "<group>";
		};
		6AB5D7AB29D18E9400AE8072 /* Preview Content */ = {
			isa = PBXGroup;
			children = (
				6AB5D7AC29D18E9400AE8072 /* Preview Assets.xcassets */,
			);
			path = "Preview Content";
			sourceTree = "<group>";
		};
/* End PBXGroup section */

/* Begin PBXNativeTarget section */
		6AB5D7A129D18E9200AE8072 /* HSL.V2 */ = {
			isa = PBXNativeTarget;
			buildConfigurationList = 6AB5D7B029D18E9400AE8072 /* Build configuration list for PBXNativeTarget "HSL.V2" */;
			buildPhases = (
				6AB5D79E29D18E9200AE8072 /* Sources */,
				6AB5D79F29D18E9200AE8072 /* Frameworks */,
				6AB5D7A029D18E9200AE8072 /* Resources */,
			);
			buildRules = (
			);
			dependencies = (
			);
			name = HSL.V2;
			packageProductDependencies = (
				4344636529EF21B200C348CE /* Polyline */,
			);
			productName = HSL.V2;
			productReference = 6AB5D7A229D18E9200AE8072 /* HSL.V2.app */;
			productType = "com.apple.product-type.application";
		};
/* End PBXNativeTarget section */

/* Begin PBXProject section */
		6AB5D79A29D18E9200AE8072 /* Project object */ = {
			isa = PBXProject;
			attributes = {
				BuildIndependentTargetsInParallel = 1;
				LastSwiftUpdateCheck = 1420;
				LastUpgradeCheck = 1420;
				TargetAttributes = {
					6AB5D7A129D18E9200AE8072 = {
						CreatedOnToolsVersion = 14.2;
					};
				};
			};
			buildConfigurationList = 6AB5D79D29D18E9200AE8072 /* Build configuration list for PBXProject "HSL.V2" */;
			compatibilityVersion = "Xcode 14.0";
			developmentRegion = en;
			hasScannedForEncodings = 0;
			knownRegions = (
				en,
				Base,
			);
			mainGroup = 6AB5D79929D18E9200AE8072;
			packageReferences = (
				4344636429EF21B200C348CE /* XCRemoteSwiftPackageReference "Polyline" */,
			);
			productRefGroup = 6AB5D7A329D18E9200AE8072 /* Products */;
			projectDirPath = "";
			projectRoot = "";
			targets = (
				6AB5D7A129D18E9200AE8072 /* HSL.V2 */,
			);
		};
/* End PBXProject section */

/* Begin PBXResourcesBuildPhase section */
		6AB5D7A029D18E9200AE8072 /* Resources */ = {
			isa = PBXResourcesBuildPhase;
			buildActionMask = 2147483647;
			files = (
				6AB5D7AD29D18E9400AE8072 /* Preview Assets.xcassets in Resources */,
				6A6CED1F29F715C200C7C36B /* Assets.xcassets in Resources */,
			);
			runOnlyForDeploymentPostprocessing = 0;
		};
/* End PBXResourcesBuildPhase section */

/* Begin PBXSourcesBuildPhase section */
		6AB5D79E29D18E9200AE8072 /* Sources */ = {
			isa = PBXSourcesBuildPhase;
			buildActionMask = 2147483647;
			files = (
				6A6E1A1229EDC6D900FA10F4 /* PassengerMapRepresentable.swift in Sources */,
				436A0ACE29DF50710008F5A8 /* DriverViewModel.swift in Sources */,
				6AE2655D29F7107A00C5C019 /* Colors.swift in Sources */,
				6A1F808A29EE840B00A6CB22 /* LocationManager.swift in Sources */,
				6ABEBC2029ED5DAE00DA170B /* PassengerView.swift in Sources */,
				436A0ACA29DF16A50008F5A8 /* DriverView.swift in Sources */,
				6A7F884C29D6253F00DC60BF /* SpeechRecognizerView.swift in Sources */,
				4344636A29EF267300C348CE /* MapViewCoordinator.swift in Sources */,
				43E77AF729F5DFD200255C57 /* MapViewPassengerCoordinator.swift in Sources */,
				6A58198729F5B21C00801C64 /* BusSearchResultCell.swift in Sources */,
				6A7F884C29D6253F00DC60BF /* SpeechRecognizerView.swift in Sources */,
				43507A9629ED589100BDDA28 /* BusModel.swift in Sources */,
				6ABEBC2229ED5DE900DA170B /* SearchPassengerView.swift in Sources */,
				4344636829EF260900C348CE /* MapView.swift in Sources */,
				4306300529E9447E009D678D /* RouteModel.swift in Sources */,
				6A9A926229E9DAF700DA6563 /* SpeechRecognizer.swift in Sources */,
				6A7F884C29D6253F00DC60BF /* SpeechRecognizerView.swift in Sources */,
				6A7F884529D5F26600DC60BF /* SettingsView.swift in Sources */,
				6A58198529F595DC00801C64 /* MapViewCoordinatorPassenger.swift in Sources */,
				6AB5D7A829D18E9200AE8072 /* MainView.swift in Sources */,
				6A1F809E29EEA72900A6CB22 /* MapViewActionButton.swift in Sources */,
				6A7F884729D5FD7700DC60BF /* AboutUsView.swift in Sources */,
				6A7F884A29D6250D00DC60BF /* HomeView.swift in Sources */,
				43E77AF329F5CBA200255C57 /* PassengerViewModel.swift in Sources */,
				43507A9429ED584000BDDA28 /* UIApplication.swift in Sources */,
				43E77AF529F5DF0300255C57 /* MapViewPassenger.swift in Sources */,
				6AB5D7A629D18E9200AE8072 /* HSL_V2App.swift in Sources */,
			);
			runOnlyForDeploymentPostprocessing = 0;
		};
/* End PBXSourcesBuildPhase section */

/* Begin XCBuildConfiguration section */
		6AB5D7AE29D18E9400AE8072 /* Debug */ = {
			isa = XCBuildConfiguration;
			buildSettings = {
				ALWAYS_SEARCH_USER_PATHS = NO;
				CLANG_ANALYZER_NONNULL = YES;
				CLANG_ANALYZER_NUMBER_OBJECT_CONVERSION = YES_AGGRESSIVE;
				CLANG_CXX_LANGUAGE_STANDARD = "gnu++20";
				CLANG_ENABLE_MODULES = YES;
				CLANG_ENABLE_OBJC_ARC = YES;
				CLANG_ENABLE_OBJC_WEAK = YES;
				CLANG_WARN_BLOCK_CAPTURE_AUTORELEASING = YES;
				CLANG_WARN_BOOL_CONVERSION = YES;
				CLANG_WARN_COMMA = YES;
				CLANG_WARN_CONSTANT_CONVERSION = YES;
				CLANG_WARN_DEPRECATED_OBJC_IMPLEMENTATIONS = YES;
				CLANG_WARN_DIRECT_OBJC_ISA_USAGE = YES_ERROR;
				CLANG_WARN_DOCUMENTATION_COMMENTS = YES;
				CLANG_WARN_EMPTY_BODY = YES;
				CLANG_WARN_ENUM_CONVERSION = YES;
				CLANG_WARN_INFINITE_RECURSION = YES;
				CLANG_WARN_INT_CONVERSION = YES;
				CLANG_WARN_NON_LITERAL_NULL_CONVERSION = YES;
				CLANG_WARN_OBJC_IMPLICIT_RETAIN_SELF = YES;
				CLANG_WARN_OBJC_LITERAL_CONVERSION = YES;
				CLANG_WARN_OBJC_ROOT_CLASS = YES_ERROR;
				CLANG_WARN_QUOTED_INCLUDE_IN_FRAMEWORK_HEADER = YES;
				CLANG_WARN_RANGE_LOOP_ANALYSIS = YES;
				CLANG_WARN_STRICT_PROTOTYPES = YES;
				CLANG_WARN_SUSPICIOUS_MOVE = YES;
				CLANG_WARN_UNGUARDED_AVAILABILITY = YES_AGGRESSIVE;
				CLANG_WARN_UNREACHABLE_CODE = YES;
				CLANG_WARN__DUPLICATE_METHOD_MATCH = YES;
				COPY_PHASE_STRIP = NO;
				DEBUG_INFORMATION_FORMAT = dwarf;
				ENABLE_STRICT_OBJC_MSGSEND = YES;
				ENABLE_TESTABILITY = YES;
				GCC_C_LANGUAGE_STANDARD = gnu11;
				GCC_DYNAMIC_NO_PIC = NO;
				GCC_NO_COMMON_BLOCKS = YES;
				GCC_OPTIMIZATION_LEVEL = 0;
				GCC_PREPROCESSOR_DEFINITIONS = (
					"DEBUG=1",
					"$(inherited)",
				);
				GCC_WARN_64_TO_32_BIT_CONVERSION = YES;
				GCC_WARN_ABOUT_RETURN_TYPE = YES_ERROR;
				GCC_WARN_UNDECLARED_SELECTOR = YES;
				GCC_WARN_UNINITIALIZED_AUTOS = YES_AGGRESSIVE;
				GCC_WARN_UNUSED_FUNCTION = YES;
				GCC_WARN_UNUSED_VARIABLE = YES;
				IPHONEOS_DEPLOYMENT_TARGET = 16.2;
				MTL_ENABLE_DEBUG_INFO = INCLUDE_SOURCE;
				MTL_FAST_MATH = YES;
				ONLY_ACTIVE_ARCH = YES;
				SDKROOT = iphoneos;
				SWIFT_ACTIVE_COMPILATION_CONDITIONS = DEBUG;
				SWIFT_OPTIMIZATION_LEVEL = "-Onone";
			};
			name = Debug;
		};
		6AB5D7AF29D18E9400AE8072 /* Release */ = {
			isa = XCBuildConfiguration;
			buildSettings = {
				ALWAYS_SEARCH_USER_PATHS = NO;
				CLANG_ANALYZER_NONNULL = YES;
				CLANG_ANALYZER_NUMBER_OBJECT_CONVERSION = YES_AGGRESSIVE;
				CLANG_CXX_LANGUAGE_STANDARD = "gnu++20";
				CLANG_ENABLE_MODULES = YES;
				CLANG_ENABLE_OBJC_ARC = YES;
				CLANG_ENABLE_OBJC_WEAK = YES;
				CLANG_WARN_BLOCK_CAPTURE_AUTORELEASING = YES;
				CLANG_WARN_BOOL_CONVERSION = YES;
				CLANG_WARN_COMMA = YES;
				CLANG_WARN_CONSTANT_CONVERSION = YES;
				CLANG_WARN_DEPRECATED_OBJC_IMPLEMENTATIONS = YES;
				CLANG_WARN_DIRECT_OBJC_ISA_USAGE = YES_ERROR;
				CLANG_WARN_DOCUMENTATION_COMMENTS = YES;
				CLANG_WARN_EMPTY_BODY = YES;
				CLANG_WARN_ENUM_CONVERSION = YES;
				CLANG_WARN_INFINITE_RECURSION = YES;
				CLANG_WARN_INT_CONVERSION = YES;
				CLANG_WARN_NON_LITERAL_NULL_CONVERSION = YES;
				CLANG_WARN_OBJC_IMPLICIT_RETAIN_SELF = YES;
				CLANG_WARN_OBJC_LITERAL_CONVERSION = YES;
				CLANG_WARN_OBJC_ROOT_CLASS = YES_ERROR;
				CLANG_WARN_QUOTED_INCLUDE_IN_FRAMEWORK_HEADER = YES;
				CLANG_WARN_RANGE_LOOP_ANALYSIS = YES;
				CLANG_WARN_STRICT_PROTOTYPES = YES;
				CLANG_WARN_SUSPICIOUS_MOVE = YES;
				CLANG_WARN_UNGUARDED_AVAILABILITY = YES_AGGRESSIVE;
				CLANG_WARN_UNREACHABLE_CODE = YES;
				CLANG_WARN__DUPLICATE_METHOD_MATCH = YES;
				COPY_PHASE_STRIP = NO;
				DEBUG_INFORMATION_FORMAT = "dwarf-with-dsym";
				ENABLE_NS_ASSERTIONS = NO;
				ENABLE_STRICT_OBJC_MSGSEND = YES;
				GCC_C_LANGUAGE_STANDARD = gnu11;
				GCC_NO_COMMON_BLOCKS = YES;
				GCC_WARN_64_TO_32_BIT_CONVERSION = YES;
				GCC_WARN_ABOUT_RETURN_TYPE = YES_ERROR;
				GCC_WARN_UNDECLARED_SELECTOR = YES;
				GCC_WARN_UNINITIALIZED_AUTOS = YES_AGGRESSIVE;
				GCC_WARN_UNUSED_FUNCTION = YES;
				GCC_WARN_UNUSED_VARIABLE = YES;
				IPHONEOS_DEPLOYMENT_TARGET = 16.2;
				MTL_ENABLE_DEBUG_INFO = NO;
				MTL_FAST_MATH = YES;
				SDKROOT = iphoneos;
				SWIFT_COMPILATION_MODE = wholemodule;
				SWIFT_OPTIMIZATION_LEVEL = "-O";
				VALIDATE_PRODUCT = YES;
			};
			name = Release;
		};
		6AB5D7B129D18E9400AE8072 /* Debug */ = {
			isa = XCBuildConfiguration;
			buildSettings = {
				ASSETCATALOG_COMPILER_APPICON_NAME = AppIcon;
				ASSETCATALOG_COMPILER_GLOBAL_ACCENT_COLOR_NAME = AccentColor;
				CODE_SIGN_STYLE = Automatic;
				CURRENT_PROJECT_VERSION = 1;
				DEVELOPMENT_ASSET_PATHS = "\"HSL.V2/Preview Content\"";
				DEVELOPMENT_TEAM = XZ89M2VRYR;
				ENABLE_PREVIEWS = YES;
				GENERATE_INFOPLIST_FILE = YES;
				INFOPLIST_KEY_NSLocationWhenInUseUsageDescription = "This app needs your location to show it on the map.";
				INFOPLIST_KEY_NSMicrophoneUsageDescription = "Audio is recorded to transcribe the command. Audio recordings are discarded after transcription.";
				INFOPLIST_KEY_NSSpeechRecognitionUsageDescription = "You can view a text transcription of your command in the app.";
				INFOPLIST_KEY_UIApplicationSceneManifest_Generation = YES;
				INFOPLIST_KEY_UIApplicationSupportsIndirectInputEvents = YES;
				INFOPLIST_KEY_UILaunchScreen_Generation = YES;
				INFOPLIST_KEY_UISupportedInterfaceOrientations_iPad = "UIInterfaceOrientationPortrait UIInterfaceOrientationPortraitUpsideDown UIInterfaceOrientationLandscapeLeft UIInterfaceOrientationLandscapeRight";
				INFOPLIST_KEY_UISupportedInterfaceOrientations_iPhone = "UIInterfaceOrientationPortrait UIInterfaceOrientationLandscapeLeft UIInterfaceOrientationLandscapeRight";
				LD_RUNPATH_SEARCH_PATHS = (
					"$(inherited)",
					"@executable_path/Frameworks",
				);
				MARKETING_VERSION = 1.0;
				PRODUCT_BUNDLE_IDENTIFIER = "com.ainaral.HSL-V2";
				PRODUCT_NAME = "$(TARGET_NAME)";
				SWIFT_EMIT_LOC_STRINGS = YES;
				SWIFT_VERSION = 5.0;
				TARGETED_DEVICE_FAMILY = "1,2";
			};
			name = Debug;
		};
		6AB5D7B229D18E9400AE8072 /* Release */ = {
			isa = XCBuildConfiguration;
			buildSettings = {
				ASSETCATALOG_COMPILER_APPICON_NAME = AppIcon;
				ASSETCATALOG_COMPILER_GLOBAL_ACCENT_COLOR_NAME = AccentColor;
				CODE_SIGN_STYLE = Automatic;
				CURRENT_PROJECT_VERSION = 1;
				DEVELOPMENT_ASSET_PATHS = "\"HSL.V2/Preview Content\"";
				DEVELOPMENT_TEAM = XZ89M2VRYR;
				ENABLE_PREVIEWS = YES;
				GENERATE_INFOPLIST_FILE = YES;
				INFOPLIST_KEY_NSLocationWhenInUseUsageDescription = "This app needs your location to show it on the map.";
				INFOPLIST_KEY_NSMicrophoneUsageDescription = "Audio is recorded to transcribe the command. Audio recordings are discarded after transcription.";
				INFOPLIST_KEY_NSSpeechRecognitionUsageDescription = "You can view a text transcription of your command in the app.";
				INFOPLIST_KEY_UIApplicationSceneManifest_Generation = YES;
				INFOPLIST_KEY_UIApplicationSupportsIndirectInputEvents = YES;
				INFOPLIST_KEY_UILaunchScreen_Generation = YES;
				INFOPLIST_KEY_UISupportedInterfaceOrientations_iPad = "UIInterfaceOrientationPortrait UIInterfaceOrientationPortraitUpsideDown UIInterfaceOrientationLandscapeLeft UIInterfaceOrientationLandscapeRight";
				INFOPLIST_KEY_UISupportedInterfaceOrientations_iPhone = "UIInterfaceOrientationPortrait UIInterfaceOrientationLandscapeLeft UIInterfaceOrientationLandscapeRight";
				LD_RUNPATH_SEARCH_PATHS = (
					"$(inherited)",
					"@executable_path/Frameworks",
				);
				MARKETING_VERSION = 1.0;
				PRODUCT_BUNDLE_IDENTIFIER = "com.ainaral.HSL-V2";
				PRODUCT_NAME = "$(TARGET_NAME)";
				SWIFT_EMIT_LOC_STRINGS = YES;
				SWIFT_VERSION = 5.0;
				TARGETED_DEVICE_FAMILY = "1,2";
			};
			name = Release;
		};
/* End XCBuildConfiguration section */

/* Begin XCConfigurationList section */
		6AB5D79D29D18E9200AE8072 /* Build configuration list for PBXProject "HSL.V2" */ = {
			isa = XCConfigurationList;
			buildConfigurations = (
				6AB5D7AE29D18E9400AE8072 /* Debug */,
				6AB5D7AF29D18E9400AE8072 /* Release */,
			);
			defaultConfigurationIsVisible = 0;
			defaultConfigurationName = Release;
		};
		6AB5D7B029D18E9400AE8072 /* Build configuration list for PBXNativeTarget "HSL.V2" */ = {
			isa = XCConfigurationList;
			buildConfigurations = (
				6AB5D7B129D18E9400AE8072 /* Debug */,
				6AB5D7B229D18E9400AE8072 /* Release */,
			);
			defaultConfigurationIsVisible = 0;
			defaultConfigurationName = Release;
		};
/* End XCConfigurationList section */

/* Begin XCRemoteSwiftPackageReference section */
		4344636429EF21B200C348CE /* XCRemoteSwiftPackageReference "Polyline" */ = {
			isa = XCRemoteSwiftPackageReference;
			repositoryURL = "https://github.com/raphaelmor/Polyline.git";
			requirement = {
				branch = master;
				kind = branch;
			};
		};
/* End XCRemoteSwiftPackageReference section */

/* Begin XCSwiftPackageProductDependency section */
		4344636529EF21B200C348CE /* Polyline */ = {
			isa = XCSwiftPackageProductDependency;
			package = 4344636429EF21B200C348CE /* XCRemoteSwiftPackageReference "Polyline" */;
			productName = Polyline;
		};
/* End XCSwiftPackageProductDependency section */
	};
	rootObject = 6AB5D79A29D18E9200AE8072 /* Project object */;
}
